
Microsoft Visual Studio Solution File, Format Version 12.00
# Visual Studio Version 17
VisualStudioVersion = 17.5.33627.172
MinimumVisualStudioVersion = 10.0.40219.1
Project("{FAE04EC0-301F-11D3-BF4B-00C04F79EFBC}") = "MyBlazorGame", "MyBlazorGame.csproj", "{DB27024A-EEF1-471E-9B38-E8236B1B1883}"
EndProject
Global
	GlobalSection(SolutionConfigurationPlatforms) = preSolution
		Debug|Any CPU = Debug|Any CPU
		Release|Any CPU = Release|Any CPU
	EndGlobalSection
	GlobalSection(ProjectConfigurationPlatforms) = postSolution
		{DB27024A-EEF1-471E-9B38-E8236B1B1883}.Debug|Any CPU.ActiveCfg = Debug|Any CPU
		{DB27024A-EEF1-471E-9B38-E8236B1B1883}.Debug|Any CPU.Build.0 = Debug|Any CPU
		{DB27024A-EEF1-471E-9B38-E8236B1B1883}.Release|Any CPU.ActiveCfg = Release|Any CPU
		{DB27024A-EEF1-471E-9B38-E8236B1B1883}.Release|Any CPU.Build.0 = Release|Any CPU
	EndGlobalSection
	GlobalSection(SolutionProperties) = preSolution
		HideSolutionNode = FALSE
	EndGlobalSection
	GlobalSection(ExtensibilityGlobals) = postSolution
		SolutionGuid = {A0A6EB2E-3888-4C3D-8145-0305C181F4F3}
	EndGlobalSection
EndGlobal
